
Microsoft Visual Studio Solution File, Format Version 12.00
# Visual Studio 15
VisualStudioVersion = 15.0.28307.757
MinimumVisualStudioVersion = 10.0.40219.1
Project("{FAE04EC0-301F-11D3-BF4B-00C04F79EFBC}") = "Lamasssu", "Lamasssu\Lamasssu.csproj", "{F5FE0586-182A-40E6-AEF9-0A74BEBFF724}"
EndProject
Project("{FAE04EC0-301F-11D3-BF4B-00C04F79EFBC}") = "Data_Layer", "Data_Layer\Data_Layer.csproj", "{82931DDF-F2EC-42AD-BBA4-94AD5E559371}"
EndProject
Global
	GlobalSection(SolutionConfigurationPlatforms) = preSolution
		Debug|Any CPU = Debug|Any CPU
		Release|Any CPU = Release|Any CPU
	EndGlobalSection
	GlobalSection(ProjectConfigurationPlatforms) = postSolution
		{F5FE0586-182A-40E6-AEF9-0A74BEBFF724}.Debug|Any CPU.ActiveCfg = Debug|Any CPU
		{F5FE0586-182A-40E6-AEF9-0A74BEBFF724}.Debug|Any CPU.Build.0 = Debug|Any CPU
		{F5FE0586-182A-40E6-AEF9-0A74BEBFF724}.Release|Any CPU.ActiveCfg = Release|Any CPU
		{F5FE0586-182A-40E6-AEF9-0A74BEBFF724}.Release|Any CPU.Build.0 = Release|Any CPU
		{82931DDF-F2EC-42AD-BBA4-94AD5E559371}.Debug|Any CPU.ActiveCfg = Debug|Any CPU
		{82931DDF-F2EC-42AD-BBA4-94AD5E559371}.Debug|Any CPU.Build.0 = Debug|Any CPU
		{82931DDF-F2EC-42AD-BBA4-94AD5E559371}.Release|Any CPU.ActiveCfg = Release|Any CPU
		{82931DDF-F2EC-42AD-BBA4-94AD5E559371}.Release|Any CPU.Build.0 = Release|Any CPU
	EndGlobalSection
	GlobalSection(SolutionProperties) = preSolution
		HideSolutionNode = FALSE
	EndGlobalSection
	GlobalSection(ExtensibilityGlobals) = postSolution
		SolutionGuid = {1D7B21A2-3C11-4A4A-8F8B-0F9C4338CE9A}
	EndGlobalSection
EndGlobal
